
Microsoft Visual Studio Solution File, Format Version 12.00
# Visual Studio Version 16
VisualStudioVersion = 16.0.29201.188
MinimumVisualStudioVersion = 10.0.40219.1
Project("{FAE04EC0-301F-11D3-BF4B-00C04F79EFBC}") = "Fizzbuzz.Test", "Fizzbuzz.Test.csproj", "{CF2D77BD-C690-4A10-A39E-1441F45EE1AE}"
EndProject
Project("{FAE04EC0-301F-11D3-BF4B-00C04F79EFBC}") = "Fizzbuzz", "..\Fizzbuzz\Fizzbuzz.csproj", "{BFC66E4B-3CF0-4ECA-9D7E-1570A99B05A8}"
EndProject
Global
	GlobalSection(SolutionConfigurationPlatforms) = preSolution
		Debug|Any CPU = Debug|Any CPU
		Release|Any CPU = Release|Any CPU
	EndGlobalSection
	GlobalSection(ProjectConfigurationPlatforms) = postSolution
		{CF2D77BD-C690-4A10-A39E-1441F45EE1AE}.Debug|Any CPU.ActiveCfg = Debug|Any CPU
		{CF2D77BD-C690-4A10-A39E-1441F45EE1AE}.Debug|Any CPU.Build.0 = Debug|Any CPU
		{CF2D77BD-C690-4A10-A39E-1441F45EE1AE}.Release|Any CPU.ActiveCfg = Release|Any CPU
		{CF2D77BD-C690-4A10-A39E-1441F45EE1AE}.Release|Any CPU.Build.0 = Release|Any CPU
		{BFC66E4B-3CF0-4ECA-9D7E-1570A99B05A8}.Debug|Any CPU.ActiveCfg = Debug|Any CPU
		{BFC66E4B-3CF0-4ECA-9D7E-1570A99B05A8}.Debug|Any CPU.Build.0 = Debug|Any CPU
		{BFC66E4B-3CF0-4ECA-9D7E-1570A99B05A8}.Release|Any CPU.ActiveCfg = Release|Any CPU
		{BFC66E4B-3CF0-4ECA-9D7E-1570A99B05A8}.Release|Any CPU.Build.0 = Release|Any CPU
	EndGlobalSection
	GlobalSection(SolutionProperties) = preSolution
		HideSolutionNode = FALSE
	EndGlobalSection
	GlobalSection(ExtensibilityGlobals) = postSolution
		SolutionGuid = {81F730C2-FEFA-4103-AB44-79193CF2BC87}
	EndGlobalSection
EndGlobal
